// !$*UTF8*$!
{
	archiveVersion = 1;
	classes = {
	};
	objectVersion = 46;
	objects = {

/* Begin PBXBuildFile section */
		7B66E01D1A89CFD70005D1AC /* AppDelegate.swift in Sources */ = {isa = PBXBuildFile; fileRef = 7B66E01C1A89CFD70005D1AC /* AppDelegate.swift */; };
		7B66E01F1A89CFD70005D1AC /* ViewController.swift in Sources */ = {isa = PBXBuildFile; fileRef = 7B66E01E1A89CFD70005D1AC /* ViewController.swift */; };
		7B66E0221A89CFD70005D1AC /* Main.storyboard in Resources */ = {isa = PBXBuildFile; fileRef = 7B66E0201A89CFD70005D1AC /* Main.storyboard */; };
		7B66E0241A89CFD70005D1AC /* Images.xcassets in Resources */ = {isa = PBXBuildFile; fileRef = 7B66E0231A89CFD70005D1AC /* Images.xcassets */; };
		7B66E0271A89CFD70005D1AC /* LaunchScreen.xib in Resources */ = {isa = PBXBuildFile; fileRef = 7B66E0251A89CFD70005D1AC /* LaunchScreen.xib */; };
		7B66E0331A89CFD70005D1AC /* Kurabete_meTests.swift in Sources */ = {isa = PBXBuildFile; fileRef = 7B66E0321A89CFD70005D1AC /* Kurabete_meTests.swift */; };
		7B7F48F01A8B723800558564 /* DSC_0965.jpg in Resources */ = {isa = PBXBuildFile; fileRef = 7B7F48EF1A8B723800558564 /* DSC_0965.jpg */; };
/* End PBXBuildFile section */

/* Begin PBXContainerItemProxy section */
		7B66E02D1A89CFD70005D1AC /* PBXContainerItemProxy */ = {
			isa = PBXContainerItemProxy;
			containerPortal = 7B66E00F1A89CFD70005D1AC /* Project object */;
			proxyType = 1;
			remoteGlobalIDString = 7B66E0161A89CFD70005D1AC;
			remoteInfo = "Kurabete-me";
		};
/* End PBXContainerItemProxy section */

/* Begin PBXFileReference section */
		7B66E0171A89CFD70005D1AC /* Kurabete-me.app */ = {isa = PBXFileReference; explicitFileType = wrapper.application; includeInIndex = 0; path = "Kurabete-me.app"; sourceTree = BUILT_PRODUCTS_DIR; };
		7B66E01B1A89CFD70005D1AC /* Info.plist */ = {isa = PBXFileReference; lastKnownFileType = text.plist.xml; path = Info.plist; sourceTree = "<group>"; };
		7B66E01C1A89CFD70005D1AC /* AppDelegate.swift */ = {isa = PBXFileReference; lastKnownFileType = sourcecode.swift; path = AppDelegate.swift; sourceTree = "<group>"; };
		7B66E01E1A89CFD70005D1AC /* ViewController.swift */ = {isa = PBXFileReference; lastKnownFileType = sourcecode.swift; path = ViewController.swift; sourceTree = "<group>"; };
		7B66E0211A89CFD70005D1AC /* Base */ = {isa = PBXFileReference; lastKnownFileType = file.storyboard; name = Base; path = Base.lproj/Main.storyboard; sourceTree = "<group>"; };
		7B66E0231A89CFD70005D1AC /* Images.xcassets */ = {isa = PBXFileReference; lastKnownFileType = folder.assetcatalog; path = Images.xcassets; sourceTree = "<group>"; };
		7B66E0261A89CFD70005D1AC /* Base */ = {isa = PBXFileReference; lastKnownFileType = file.xib; name = Base; path = Base.lproj/LaunchScreen.xib; sourceTree = "<group>"; };
		7B66E02C1A89CFD70005D1AC /* Kurabete-meTests.xctest */ = {isa = PBXFileReference; explicitFileType = wrapper.cfbundle; includeInIndex = 0; path = "Kurabete-meTests.xctest"; sourceTree = BUILT_PRODUCTS_DIR; };
		7B66E0311A89CFD70005D1AC /* Info.plist */ = {isa = PBXFileReference; lastKnownFileType = text.plist.xml; path = Info.plist; sourceTree = "<group>"; };
		7B66E0321A89CFD70005D1AC /* Kurabete_meTests.swift */ = {isa = PBXFileReference; lastKnownFileType = sourcecode.swift; path = Kurabete_meTests.swift; sourceTree = "<group>"; };
		7B7F48EF1A8B723800558564 /* DSC_0965.jpg */ = {isa = PBXFileReference; lastKnownFileType = image.jpeg; path = DSC_0965.jpg; sourceTree = "<group>"; };
/* End PBXFileReference section */

/* Begin PBXFrameworksBuildPhase section */
		7B66E0141A89CFD70005D1AC /* Frameworks */ = {
			isa = PBXFrameworksBuildPhase;
			buildActionMask = 2147483647;
			files = (
			);
			runOnlyForDeploymentPostprocessing = 0;
		};
		7B66E0291A89CFD70005D1AC /* Frameworks */ = {
			isa = PBXFrameworksBuildPhase;
			buildActionMask = 2147483647;
			files = (
			);
			runOnlyForDeploymentPostprocessing = 0;
		};
/* End PBXFrameworksBuildPhase section */

/* Begin PBXGroup section */
		7B66E00E1A89CFD70005D1AC = {
			isa = PBXGroup;
			children = (
				7B66E0191A89CFD70005D1AC /* Kurabete-me */,
				7B66E02F1A89CFD70005D1AC /* Kurabete-meTests */,
				7B66E0181A89CFD70005D1AC /* Products */,
			);
			sourceTree = "<group>";
		};
		7B66E0181A89CFD70005D1AC /* Products */ = {
			isa = PBXGroup;
			children = (
				7B66E0171A89CFD70005D1AC /* Kurabete-me.app */,
				7B66E02C1A89CFD70005D1AC /* Kurabete-meTests.xctest */,
			);
			name = Products;
			sourceTree = "<group>";
		};
		7B66E0191A89CFD70005D1AC /* Kurabete-me */ = {
			isa = PBXGroup;
			children = (
				7B66E01C1A89CFD70005D1AC /* AppDelegate.swift */,
				7B66E01E1A89CFD70005D1AC /* ViewController.swift */,
				7B66E0201A89CFD70005D1AC /* Main.storyboard */,
				7B66E0231A89CFD70005D1AC /* Images.xcassets */,
				7B66E0251A89CFD70005D1AC /* LaunchScreen.xib */,
				7B66E01A1A89CFD70005D1AC /* Supporting Files */,
			);
			path = "Kurabete-me";
			sourceTree = "<group>";
		};
		7B66E01A1A89CFD70005D1AC /* Supporting Files */ = {
			isa = PBXGroup;
			children = (
				7B7F48EF1A8B723800558564 /* DSC_0965.jpg */,
				7B66E01B1A89CFD70005D1AC /* Info.plist */,
			);
			name = "Supporting Files";
			sourceTree = "<group>";
		};
		7B66E02F1A89CFD70005D1AC /* Kurabete-meTests */ = {
			isa = PBXGroup;
			children = (
				7B66E0321A89CFD70005D1AC /* Kurabete_meTests.swift */,
				7B66E0301A89CFD70005D1AC /* Supporting Files */,
			);
			path = "Kurabete-meTests";
			sourceTree = "<group>";
		};
		7B66E0301A89CFD70005D1AC /* Supporting Files */ = {
			isa = PBXGroup;
			children = (
				7B66E0311A89CFD70005D1AC /* Info.plist */,
			);
			name = "Supporting Files";
			sourceTree = "<group>";
		};
/* End PBXGroup section */

/* Begin PBXNativeTarget section */
		7B66E0161A89CFD70005D1AC /* Kurabete-me */ = {
			isa = PBXNativeTarget;
			buildConfigurationList = 7B66E0361A89CFD70005D1AC /* Build configuration list for PBXNativeTarget "Kurabete-me" */;
			buildPhases = (
				7B66E0131A89CFD70005D1AC /* Sources */,
				7B66E0141A89CFD70005D1AC /* Frameworks */,
				7B66E0151A89CFD70005D1AC /* Resources */,
			);
			buildRules = (
			);
			dependencies = (
			);
			name = "Kurabete-me";
			productName = "Kurabete-me";
			productReference = 7B66E0171A89CFD70005D1AC /* Kurabete-me.app */;
			productType = "com.apple.product-type.application";
		};
		7B66E02B1A89CFD70005D1AC /* Kurabete-meTests */ = {
			isa = PBXNativeTarget;
			buildConfigurationList = 7B66E0391A89CFD70005D1AC /* Build configuration list for PBXNativeTarget "Kurabete-meTests" */;
			buildPhases = (
				7B66E0281A89CFD70005D1AC /* Sources */,
				7B66E0291A89CFD70005D1AC /* Frameworks */,
				7B66E02A1A89CFD70005D1AC /* Resources */,
			);
			buildRules = (
			);
			dependencies = (
				7B66E02E1A89CFD70005D1AC /* PBXTargetDependency */,
			);
			name = "Kurabete-meTests";
			productName = "Kurabete-meTests";
			productReference = 7B66E02C1A89CFD70005D1AC /* Kurabete-meTests.xctest */;
			productType = "com.apple.product-type.bundle.unit-test";
		};
/* End PBXNativeTarget section */

/* Begin PBXProject section */
		7B66E00F1A89CFD70005D1AC /* Project object */ = {
			isa = PBXProject;
			attributes = {
				LastUpgradeCheck = 0610;
				ORGANIZATIONNAME = "Sanshiro Sakai";
				TargetAttributes = {
					7B66E0161A89CFD70005D1AC = {
						CreatedOnToolsVersion = 6.1.1;
					};
					7B66E02B1A89CFD70005D1AC = {
						CreatedOnToolsVersion = 6.1.1;
						TestTargetID = 7B66E0161A89CFD70005D1AC;
					};
				};
			};
			buildConfigurationList = 7B66E0121A89CFD70005D1AC /* Build configuration list for PBXProject "Kurabete-me" */;
			compatibilityVersion = "Xcode 3.2";
			developmentRegion = English;
			hasScannedForEncodings = 0;
			knownRegions = (
				en,
				Base,
			);
			mainGroup = 7B66E00E1A89CFD70005D1AC;
			productRefGroup = 7B66E0181A89CFD70005D1AC /* Products */;
			projectDirPath = "";
			projectRoot = "";
			targets = (
				7B66E0161A89CFD70005D1AC /* Kurabete-me */,
				7B66E02B1A89CFD70005D1AC /* Kurabete-meTests */,
			);
		};
/* End PBXProject section */

/* Begin PBXResourcesBuildPhase section */
		7B66E0151A89CFD70005D1AC /* Resources */ = {
			isa = PBXResourcesBuildPhase;
			buildActionMask = 2147483647;
			files = (
				7B7F48F01A8B723800558564 /* DSC_0965.jpg in Resources */,
				7B66E0221A89CFD70005D1AC /* Main.storyboard in Resources */,
				7B66E0271A89CFD70005D1AC /* LaunchScreen.xib in Resources */,
				7B66E0241A89CFD70005D1AC /* Images.xcassets in Resources */,
			);
			runOnlyForDeploymentPostprocessing = 0;
		};
		7B66E02A1A89CFD70005D1AC /* Resources */ = {
			isa = PBXResourcesBuildPhase;
			buildActionMask = 2147483647;
			files = (
			);
			runOnlyForDeploymentPostprocessing = 0;
		};
/* End PBXResourcesBuildPhase section */

/* Begin PBXSourcesBuildPhase section */
		7B66E0131A89CFD70005D1AC /* Sources */ = {
			isa = PBXSourcesBuildPhase;
			buildActionMask = 2147483647;
			files = (
				7B66E01F1A89CFD70005D1AC /* ViewController.swift in Sources */,
				7B66E01D1A89CFD70005D1AC /* AppDelegate.swift in Sources */,
			);
			runOnlyForDeploymentPostprocessing = 0;
		};
		7B66E0281A89CFD70005D1AC /* Sources */ = {
			isa = PBXSourcesBuildPhase;
			buildActionMask = 2147483647;
			files = (
				7B66E0331A89CFD70005D1AC /* Kurabete_meTests.swift in Sources */,
			);
			runOnlyForDeploymentPostprocessing = 0;
		};
/* End PBXSourcesBuildPhase section */

/* Begin PBXTargetDependency section */
		7B66E02E1A89CFD70005D1AC /* PBXTargetDependency */ = {
			isa = PBXTargetDependency;
			target = 7B66E0161A89CFD70005D1AC /* Kurabete-me */;
			targetProxy = 7B66E02D1A89CFD70005D1AC /* PBXContainerItemProxy */;
		};
/* End PBXTargetDependency section */

/* Begin PBXVariantGroup section */
		7B66E0201A89CFD70005D1AC /* Main.storyboard */ = {
			isa = PBXVariantGroup;
			children = (
				7B66E0211A89CFD70005D1AC /* Base */,
			);
			name = Main.storyboard;
			sourceTree = "<group>";
		};
		7B66E0251A89CFD70005D1AC /* LaunchScreen.xib */ = {
			isa = PBXVariantGroup;
			children = (
				7B66E0261A89CFD70005D1AC /* Base */,
			);
			name = LaunchScreen.xib;
			sourceTree = "<group>";
		};
/* End PBXVariantGroup section */

/* Begin XCBuildConfiguration section */
		7B66E0341A89CFD70005D1AC /* Debug */ = {
			isa = XCBuildConfiguration;
			buildSettings = {
				ALWAYS_SEARCH_USER_PATHS = NO;
				CLANG_CXX_LANGUAGE_STANDARD = "gnu++0x";
				CLANG_CXX_LIBRARY = "libc++";
				CLANG_ENABLE_MODULES = YES;
				CLANG_ENABLE_OBJC_ARC = YES;
				CLANG_WARN_BOOL_CONVERSION = YES;
				CLANG_WARN_CONSTANT_CONVERSION = YES;
				CLANG_WARN_DIRECT_OBJC_ISA_USAGE = YES_ERROR;
				CLANG_WARN_EMPTY_BODY = YES;
				CLANG_WARN_ENUM_CONVERSION = YES;
				CLANG_WARN_INT_CONVERSION = YES;
				CLANG_WARN_OBJC_ROOT_CLASS = YES_ERROR;
				CLANG_WARN_UNREACHABLE_CODE = YES;
				CLANG_WARN__DUPLICATE_METHOD_MATCH = YES;
				"CODE_SIGN_IDENTITY[sdk=iphoneos*]" = "iPhone Developer";
				COPY_PHASE_STRIP = NO;
				ENABLE_STRICT_OBJC_MSGSEND = YES;
				GCC_C_LANGUAGE_STANDARD = gnu99;
				GCC_DYNAMIC_NO_PIC = NO;
				GCC_OPTIMIZATION_LEVEL = 0;
				GCC_PREPROCESSOR_DEFINITIONS = (
					"DEBUG=1",
					"$(inherited)",
				);
				GCC_SYMBOLS_PRIVATE_EXTERN = NO;
				GCC_WARN_64_TO_32_BIT_CONVERSION = YES;
				GCC_WARN_ABOUT_RETURN_TYPE = YES_ERROR;
				GCC_WARN_UNDECLARED_SELECTOR = YES;
				GCC_WARN_UNINITIALIZED_AUTOS = YES_AGGRESSIVE;
				GCC_WARN_UNUSED_FUNCTION = YES;
				GCC_WARN_UNUSED_VARIABLE = YES;
				IPHONEOS_DEPLOYMENT_TARGET = 8.1;
				MTL_ENABLE_DEBUG_INFO = YES;
				ONLY_ACTIVE_ARCH = YES;
				SDKROOT = iphoneos;
				SWIFT_OPTIMIZATION_LEVEL = "-Onone";
			};
			name = Debug;
		};
		7B66E0351A89CFD70005D1AC /* Release */ = {
			isa = XCBuildConfiguration;
			buildSettings = {
				ALWAYS_SEARCH_USER_PATHS = NO;
				CLANG_CXX_LANGUAGE_STANDARD = "gnu++0x";
				CLANG_CXX_LIBRARY = "libc++";
				CLANG_ENABLE_MODULES = YES;
				CLANG_ENABLE_OBJC_ARC = YES;
				CLANG_WARN_BOOL_CONVERSION = YES;
				CLANG_WARN_CONSTANT_CONVERSION = YES;
				CLANG_WARN_DIRECT_OBJC_ISA_USAGE = YES_ERROR;
				CLANG_WARN_EMPTY_BODY = YES;
				CLANG_WARN_ENUM_CONVERSION = YES;
				CLANG_WARN_INT_CONVERSION = YES;
				CLANG_WARN_OBJC_ROOT_CLASS = YES_ERROR;
				CLANG_WARN_UNREACHABLE_CODE = YES;
				CLANG_WARN__DUPLICATE_METHOD_MATCH = YES;
				"CODE_SIGN_IDENTITY[sdk=iphoneos*]" = "iPhone Developer";
				COPY_PHASE_STRIP = YES;
				ENABLE_NS_ASSERTIONS = NO;
				ENABLE_STRICT_OBJC_MSGSEND = YES;
				GCC_C_LANGUAGE_STANDARD = gnu99;
				GCC_WARN_64_TO_32_BIT_CONVERSION = YES;
				GCC_WARN_ABOUT_RETURN_TYPE = YES_ERROR;
				GCC_WARN_UNDECLARED_SELECTOR = YES;
				GCC_WARN_UNINITIALIZED_AUTOS = YES_AGGRESSIVE;
				GCC_WARN_UNUSED_FUNCTION = YES;
				GCC_WARN_UNUSED_VARIABLE = YES;
				IPHONEOS_DEPLOYMENT_TARGET = 8.1;
				MTL_ENABLE_DEBUG_INFO = NO;
				SDKROOT = iphoneos;
				VALIDATE_PRODUCT = YES;
			};
			name = Release;
		};
		7B66E0371A89CFD70005D1AC /* Debug */ = {
			isa = XCBuildConfiguration;
			buildSettings = {
				ASSETCATALOG_COMPILER_APPICON_NAME = AppIcon;
				INFOPLIST_FILE = "Kurabete-me/Info.plist";
				LD_RUNPATH_SEARCH_PATHS = "$(inherited) @executable_path/Frameworks";
				PRODUCT_NAME = "$(TARGET_NAME)";
			};
			name = Debug;
		};
		7B66E0381A89CFD70005D1AC /* Release */ = {
			isa = XCBuildConfiguration;
			buildSettings = {
				ASSETCATALOG_COMPILER_APPICON_NAME = AppIcon;
				INFOPLIST_FILE = "Kurabete-me/Info.plist";
				LD_RUNPATH_SEARCH_PATHS = "$(inherited) @executable_path/Frameworks";
				PRODUCT_NAME = "$(TARGET_NAME)";
			};
			name = Release;
		};
		7B66E03A1A89CFD70005D1AC /* Debug */ = {
			isa = XCBuildConfiguration;
			buildSettings = {
				BUNDLE_LOADER = "$(TEST_HOST)";
				FRAMEWORK_SEARCH_PATHS = (
					"$(SDKROOT)/Developer/Library/Frameworks",
					"$(inherited)",
				);
				GCC_PREPROCESSOR_DEFINITIONS = (
					"DEBUG=1",
					"$(inherited)",
				);
				INFOPLIST_FILE = "Kurabete-meTests/Info.plist";
				LD_RUNPATH_SEARCH_PATHS = "$(inherited) @executable_path/Frameworks @loader_path/Frameworks";
				PRODUCT_NAME = "$(TARGET_NAME)";
				TEST_HOST = "$(BUILT_PRODUCTS_DIR)/Kurabete-me.app/Kurabete-me";
			};
			name = Debug;
		};
		7B66E03B1A89CFD70005D1AC /* Release */ = {
			isa = XCBuildConfiguration;
			buildSettings = {
				BUNDLE_LOADER = "$(TEST_HOST)";
				FRAMEWORK_SEARCH_PATHS = (
					"$(SDKROOT)/Developer/Library/Frameworks",
					"$(inherited)",
				);
				INFOPLIST_FILE = "Kurabete-meTests/Info.plist";
				LD_RUNPATH_SEARCH_PATHS = "$(inherited) @executable_path/Frameworks @loader_path/Frameworks";
				PRODUCT_NAME = "$(TARGET_NAME)";
				TEST_HOST = "$(BUILT_PRODUCTS_DIR)/Kurabete-me.app/Kurabete-me";
			};
			name = Release;
		};
/* End XCBuildConfiguration section */

/* Begin XCConfigurationList section */
		7B66E0121A89CFD70005D1AC /* Build configuration list for PBXProject "Kurabete-me" */ = {
			isa = XCConfigurationList;
			buildConfigurations = (
				7B66E0341A89CFD70005D1AC /* Debug */,
				7B66E0351A89CFD70005D1AC /* Release */,
			);
			defaultConfigurationIsVisible = 0;
			defaultConfigurationName = Release;
		};
		7B66E0361A89CFD70005D1AC /* Build configuration list for PBXNativeTarget "Kurabete-me" */ = {
			isa = XCConfigurationList;
			buildConfigurations = (
				7B66E0371A89CFD70005D1AC /* Debug */,
				7B66E0381A89CFD70005D1AC /* Release */,
			);
			defaultConfigurationIsVisible = 0;
			defaultConfigurationName = Release;
		};
		7B66E0391A89CFD70005D1AC /* Build configuration list for PBXNativeTarget "Kurabete-meTests" */ = {
			isa = XCConfigurationList;
			buildConfigurations = (
				7B66E03A1A89CFD70005D1AC /* Debug */,
				7B66E03B1A89CFD70005D1AC /* Release */,
			);
			defaultConfigurationIsVisible = 0;
			defaultConfigurationName = Release;
		};
/* End XCConfigurationList section */
	};
	rootObject = 7B66E00F1A89CFD70005D1AC /* Project object */;
}
